hash: b5a56d7374a403bf979953a3cfd2ded6e45e516448b4ed82edc75f16e1a383c7
updated: 2017-07-02T20:00:40.862868911+03:00
imports:
- name: github.com/asaskevich/govalidator
  version: aa5cce4a76edb1a5acecab1870c17abbffb5419e
- name: github.com/go-sql-driver/mysql
  version: 8fefef06da7707b5a3cda42195a6b409c9c9ab5c
- name: github.com/labstack/echo
  version: 1049c9613cd371b7ea8f219404c9a821734781ed
- name: github.com/labstack/gommon
  version: 1121fd3e243c202482226a7afe4dcd07ffc4139a
  subpackages:
  - color
  - log
- name: github.com/lib/pq
  version: 8837942c3e09574accbc5f150e2c5e057189cace
  subpackages:
  - oid
- name: github.com/mattn/go-colorable
  version: 941b50ebc6efddf4c41c8e4537a5f68a4e686b24
- name: github.com/mattn/go-isatty
  version: fc9e8d8ef48496124e79ae0df75490096eccf6fe
- name: github.com/stretchr/testify
  version: f6abca593680b2315d2075e0f5e2a9751e3f431a
  subpackages:
  - assert
- name: github.com/valyala/bytebufferpool
  version: e746df99fe4a3986f4d4f79e13c1e0117ce9c2f7
- name: github.com/valyala/fasttemplate
  version: dcecefd839c4193db0d35b88ec65b4c12d360ab0
- name: golang.org/x/crypto
  version: 5ef0053f77724838734b6945dd364d3847e5de1d
  subpackages:
  - acme/autocert
  - acme
- name: golang.org/x/sys
  version: d18155cb60f6162f5e706d7f26e4e50a3d4da857
  subpackages:
  - unix
devImports: []
